
Microsoft Visual Studio Solution File, Format Version 12.00
# Visual Studio 2013
VisualStudioVersion = 12.0.21005.1
MinimumVisualStudioVersion = 10.0.40219.1
Project("{FAE04EC0-301F-11D3-BF4B-00C04F79EFBC}") = "TradeDataMonitor", "TradeDataMonitor\TradeDataMonitor.csproj", "{C8F03788-44DB-4C2F-BCFA-8DBCB65EFD8D}"
EndProject
Project("{FAE04EC0-301F-11D3-BF4B-00C04F79EFBC}") = "TradeDataMonitorTest", "TradeDataMonitorTest\TradeDataMonitorTest.csproj", "{2177A527-039B-464A-BD89-F0D758CE1B20}"
EndProject
Project("{FAE04EC0-301F-11D3-BF4B-00C04F79EFBC}") = "TradeDataMonitorApp", "TradeDataMonitorApp\TradeDataMonitorApp.csproj", "{934D8FB4-93E8-4176-8BAB-9CFA3EF630B7}"
EndProject
Project("{FAE04EC0-301F-11D3-BF4B-00C04F79EFBC}") = "XmlFileTradeData", "XmlTradeDataLoader\XmlFileTradeData.csproj", "{9F8C3DF8-12F2-4F1A-96E3-794826ECD179}"
EndProject
Global
	GlobalSection(SolutionConfigurationPlatforms) = preSolution
		Debug|Any CPU = Debug|Any CPU
		Release|Any CPU = Release|Any CPU
	EndGlobalSection
	GlobalSection(ProjectConfigurationPlatforms) = postSolution
		{C8F03788-44DB-4C2F-BCFA-8DBCB65EFD8D}.Debug|Any CPU.ActiveCfg = Debug|Any CPU
		{C8F03788-44DB-4C2F-BCFA-8DBCB65EFD8D}.Debug|Any CPU.Build.0 = Debug|Any CPU
		{C8F03788-44DB-4C2F-BCFA-8DBCB65EFD8D}.Release|Any CPU.ActiveCfg = Release|Any CPU
		{C8F03788-44DB-4C2F-BCFA-8DBCB65EFD8D}.Release|Any CPU.Build.0 = Release|Any CPU
		{2177A527-039B-464A-BD89-F0D758CE1B20}.Debug|Any CPU.ActiveCfg = Debug|Any CPU
		{2177A527-039B-464A-BD89-F0D758CE1B20}.Debug|Any CPU.Build.0 = Debug|Any CPU
		{2177A527-039B-464A-BD89-F0D758CE1B20}.Release|Any CPU.ActiveCfg = Release|Any CPU
		{2177A527-039B-464A-BD89-F0D758CE1B20}.Release|Any CPU.Build.0 = Release|Any CPU
		{934D8FB4-93E8-4176-8BAB-9CFA3EF630B7}.Debug|Any CPU.ActiveCfg = Debug|Any CPU
		{934D8FB4-93E8-4176-8BAB-9CFA3EF630B7}.Debug|Any CPU.Build.0 = Debug|Any CPU
		{934D8FB4-93E8-4176-8BAB-9CFA3EF630B7}.Release|Any CPU.ActiveCfg = Release|Any CPU
		{934D8FB4-93E8-4176-8BAB-9CFA3EF630B7}.Release|Any CPU.Build.0 = Release|Any CPU
		{9F8C3DF8-12F2-4F1A-96E3-794826ECD179}.Debug|Any CPU.ActiveCfg = Debug|Any CPU
		{9F8C3DF8-12F2-4F1A-96E3-794826ECD179}.Debug|Any CPU.Build.0 = Debug|Any CPU
		{9F8C3DF8-12F2-4F1A-96E3-794826ECD179}.Release|Any CPU.ActiveCfg = Release|Any CPU
		{9F8C3DF8-12F2-4F1A-96E3-794826ECD179}.Release|Any CPU.Build.0 = Release|Any CPU
	EndGlobalSection
	GlobalSection(SolutionProperties) = preSolution
		HideSolutionNode = FALSE
	EndGlobalSection
EndGlobal
